PODS:
  - address_search_field (1.0.0):
    - Flutter
  - Flutter (1.0.0)
  - geocoder (0.0.1):
    - Flutter
  - geolocator (5.3.1):
    - Flutter
  - google_api_availability (2.0.4):
    - Flutter
  - location (0.0.1):
    - Flutter
  - location_permissions (2.0.5):
    - Flutter
  - location_web (0.0.1):
    - Flutter

DEPENDENCIES:
  - address_search_field (from `.symlinks/plugins/address_search_field/ios`)
  - Flutter (from `Flutter`)
  - geocoder (from `.symlinks/plugins/geocoder/ios`)
  - geolocator (from `.symlinks/plugins/geolocator/ios`)
  - google_api_availability (from `.symlinks/plugins/google_api_availability/ios`)
  - location (from `.symlinks/plugins/location/ios`)
  - location_permissions (from `.symlinks/plugins/location_permissions/ios`)
  - location_web (from `.symlinks/plugins/location_web/ios`)

EXTERNAL SOURCES:
  address_search_field:
    :path: ".symlinks/plugins/address_search_field/ios"
  Flutter:
    :path: Flutter
  geocoder:
    :path: ".symlinks/plugins/geocoder/ios"
  geolocator:
    :path: ".symlinks/plugins/geolocator/ios"
  google_api_availability:
    :path: ".symlinks/plugins/google_api_availability/ios"
  location:
    :path: ".symlinks/plugins/location/ios"
  location_permissions:
    :path: ".symlinks/plugins/location_permissions/ios"
  location_web:
    :path: ".symlinks/plugins/location_web/ios"

SPEC CHECKSUMS:
  address_search_field: 9dacc428c2e7bf7cd18c89d898bbe2a85429047f
  Flutter: 0e3d915762c693b495b44d77113d4970485de6ec
  geocoder: 3cfab70531a0b367e917bafe82df4c30f6d4c45a
  geolocator: 460cc8e850b616f8c0e90944c86517d91ccbb686
  google_api_availability: 15fa42a8cd83c0a6738507ffe6e87096f12abcb8
  location: 3a2eed4dd2fab25e7b7baf2a9efefe82b512d740
  location_permissions: 4a49d4e5bec5b653643e551ab77963cc99bb0e4a
  location_web: b94e7433cfe28c0f7c8923c2ee482824b32e55a7

PODFILE CHECKSUM: c34e2287a9ccaa606aeceab922830efb9a6ff69a

COCOAPODS: 1.9.1
